
Microsoft Visual Studio Solution File, Format Version 11.00
# Visual Studio 2010
Project("{FAE04EC0-301F-11D3-BF4B-00C04F79EFBC}") = "MotsunabeZombieProject", "MotsunabeZombieProject\MotsunabeZombieProject.csproj", "{0C764584-2242-4457-9B5F-38741A078C0C}"
EndProject
Project("{FAE04EC0-301F-11D3-BF4B-00C04F79EFBC}") = "MotsunabeZombieProject.Tests", "MotsunabeZombieProject.Tests\MotsunabeZombieProject.Tests.csproj", "{B01AA2D0-219A-4D20-83A7-1BD18B89FA63}"
EndProject
Global
	GlobalSection(SolutionConfigurationPlatforms) = preSolution
		Debug|Any CPU = Debug|Any CPU
		Release|Any CPU = Release|Any CPU
	EndGlobalSection
	GlobalSection(ProjectConfigurationPlatforms) = postSolution
		{0C764584-2242-4457-9B5F-38741A078C0C}.Debug|Any CPU.ActiveCfg = Debug|Any CPU
		{0C764584-2242-4457-9B5F-38741A078C0C}.Debug|Any CPU.Build.0 = Debug|Any CPU
		{0C764584-2242-4457-9B5F-38741A078C0C}.Release|Any CPU.ActiveCfg = Release|Any CPU
		{0C764584-2242-4457-9B5F-38741A078C0C}.Release|Any CPU.Build.0 = Release|Any CPU
		{B01AA2D0-219A-4D20-83A7-1BD18B89FA63}.Debug|Any CPU.ActiveCfg = Debug|Any CPU
		{B01AA2D0-219A-4D20-83A7-1BD18B89FA63}.Debug|Any CPU.Build.0 = Debug|Any CPU
		{B01AA2D0-219A-4D20-83A7-1BD18B89FA63}.Release|Any CPU.ActiveCfg = Release|Any CPU
		{B01AA2D0-219A-4D20-83A7-1BD18B89FA63}.Release|Any CPU.Build.0 = Release|Any CPU
	EndGlobalSection
	GlobalSection(SolutionProperties) = preSolution
		HideSolutionNode = FALSE
	EndGlobalSection
EndGlobal
